// !$*UTF8*$!
{
	archiveVersion = 1;
	classes = {
	};
	objectVersion = 46;
	objects = {

/* Begin PBXBuildFile section */
		76B66E4519AA97FB000E730B /* AppDelegate.swift in Sources */ = {isa = PBXBuildFile; fileRef = 76B66E4419AA97FB000E730B /* AppDelegate.swift */; };
		76B66E4719AA97FB000E730B /* ViewController.swift in Sources */ = {isa = PBXBuildFile; fileRef = 76B66E4619AA97FB000E730B /* ViewController.swift */; };
		76B66E4A19AA97FB000E730B /* Main.storyboard in Resources */ = {isa = PBXBuildFile; fileRef = 76B66E4819AA97FB000E730B /* Main.storyboard */; };
		76B66E4C19AA97FB000E730B /* Images.xcassets in Resources */ = {isa = PBXBuildFile; fileRef = 76B66E4B19AA97FB000E730B /* Images.xcassets */; };
		76B66E5819AA97FB000E730B /* IBShinyTests.swift in Sources */ = {isa = PBXBuildFile; fileRef = 76B66E5719AA97FB000E730B /* IBShinyTests.swift */; };
/* End PBXBuildFile section */

/* Begin PBXContainerItemProxy section */
		76B66E5219AA97FB000E730B /* PBXContainerItemProxy */ = {
			isa = PBXContainerItemProxy;
			containerPortal = 76B66E3719AA97FB000E730B /* Project object */;
			proxyType = 1;
			remoteGlobalIDString = 76B66E3E19AA97FB000E730B;
			remoteInfo = IBShiny;
		};
/* End PBXContainerItemProxy section */

/* Begin PBXFileReference section */
		76B66E3F19AA97FB000E730B /* IBShiny.app */ = {isa = PBXFileReference; explicitFileType = wrapper.application; includeInIndex = 0; path = IBShiny.app; sourceTree = BUILT_PRODUCTS_DIR; };
		76B66E4319AA97FB000E730B /* Info.plist */ = {isa = PBXFileReference; lastKnownFileType = text.plist.xml; path = Info.plist; sourceTree = "<group>"; };
		76B66E4419AA97FB000E730B /* AppDelegate.swift */ = {isa = PBXFileReference; lastKnownFileType = sourcecode.swift; path = AppDelegate.swift; sourceTree = "<group>"; };
		76B66E4619AA97FB000E730B /* ViewController.swift */ = {isa = PBXFileReference; lastKnownFileType = sourcecode.swift; path = ViewController.swift; sourceTree = "<group>"; };
		76B66E4919AA97FB000E730B /* Base */ = {isa = PBXFileReference; lastKnownFileType = file.storyboard; name = Base; path = Base.lproj/Main.storyboard; sourceTree = "<group>"; };
		76B66E4B19AA97FB000E730B /* Images.xcassets */ = {isa = PBXFileReference; lastKnownFileType = folder.assetcatalog; path = Images.xcassets; sourceTree = "<group>"; };
		76B66E5119AA97FB000E730B /* IBShinyTests.xctest */ = {isa = PBXFileReference; explicitFileType = wrapper.cfbundle; includeInIndex = 0; path = IBShinyTests.xctest; sourceTree = BUILT_PRODUCTS_DIR; };
		76B66E5619AA97FB000E730B /* Info.plist */ = {isa = PBXFileReference; lastKnownFileType = text.plist.xml; path = Info.plist; sourceTree = "<group>"; };
		76B66E5719AA97FB000E730B /* IBShinyTests.swift */ = {isa = PBXFileReference; lastKnownFileType = sourcecode.swift; path = IBShinyTests.swift; sourceTree = "<group>"; };
/* End PBXFileReference section */

/* Begin PBXFrameworksBuildPhase section */
		76B66E3C19AA97FB000E730B /* Frameworks */ = {
			isa = PBXFrameworksBuildPhase;
			buildActionMask = 2147483647;
			files = (
			);
			runOnlyForDeploymentPostprocessing = 0;
		};
		76B66E4E19AA97FB000E730B /* Frameworks */ = {
			isa = PBXFrameworksBuildPhase;
			buildActionMask = 2147483647;
			files = (
			);
			runOnlyForDeploymentPostprocessing = 0;
		};
/* End PBXFrameworksBuildPhase section */

/* Begin PBXGroup section */
		76B66E3619AA97FB000E730B = {
			isa = PBXGroup;
			children = (
				76B66E4119AA97FB000E730B /* IBShiny */,
				76B66E5419AA97FB000E730B /* IBShinyTests */,
				76B66E4019AA97FB000E730B /* Products */,
			);
			sourceTree = "<group>";
		};
		76B66E4019AA97FB000E730B /* Products */ = {
			isa = PBXGroup;
			children = (
				76B66E3F19AA97FB000E730B /* IBShiny.app */,
				76B66E5119AA97FB000E730B /* IBShinyTests.xctest */,
			);
			name = Products;
			sourceTree = "<group>";
		};
		76B66E4119AA97FB000E730B /* IBShiny */ = {
			isa = PBXGroup;
			children = (
				76B66E4419AA97FB000E730B /* AppDelegate.swift */,
				76B66E4619AA97FB000E730B /* ViewController.swift */,
				76B66E4819AA97FB000E730B /* Main.storyboard */,
				76B66E4B19AA97FB000E730B /* Images.xcassets */,
				76B66E4219AA97FB000E730B /* Supporting Files */,
			);
			path = IBShiny;
			sourceTree = "<group>";
		};
		76B66E4219AA97FB000E730B /* Supporting Files */ = {
			isa = PBXGroup;
			children = (
				76B66E4319AA97FB000E730B /* Info.plist */,
			);
			name = "Supporting Files";
			sourceTree = "<group>";
		};
		76B66E5419AA97FB000E730B /* IBShinyTests */ = {
			isa = PBXGroup;
			children = (
				76B66E5719AA97FB000E730B /* IBShinyTests.swift */,
				76B66E5519AA97FB000E730B /* Supporting Files */,
			);
			path = IBShinyTests;
			sourceTree = "<group>";
		};
		76B66E5519AA97FB000E730B /* Supporting Files */ = {
			isa = PBXGroup;
			children = (
				76B66E5619AA97FB000E730B /* Info.plist */,
			);
			name = "Supporting Files";
			sourceTree = "<group>";
		};
/* End PBXGroup section */

/* Begin PBXNativeTarget section */
		76B66E3E19AA97FB000E730B /* IBShiny */ = {
			isa = PBXNativeTarget;
			buildConfigurationList = 76B66E5B19AA97FB000E730B /* Build configuration list for PBXNativeTarget "IBShiny" */;
			buildPhases = (
				76B66E3B19AA97FB000E730B /* Sources */,
				76B66E3C19AA97FB000E730B /* Frameworks */,
				76B66E3D19AA97FB000E730B /* Resources */,
			);
			buildRules = (
			);
			dependencies = (
			);
			name = IBShiny;
			productName = IBShiny;
			productReference = 76B66E3F19AA97FB000E730B /* IBShiny.app */;
			productType = "com.apple.product-type.application";
		};
		76B66E5019AA97FB000E730B /* IBShinyTests */ = {
			isa = PBXNativeTarget;
			buildConfigurationList = 76B66E5E19AA97FB000E730B /* Build configuration list for PBXNativeTarget "IBShinyTests" */;
			buildPhases = (
				76B66E4D19AA97FB000E730B /* Sources */,
				76B66E4E19AA97FB000E730B /* Frameworks */,
				76B66E4F19AA97FB000E730B /* Resources */,
			);
			buildRules = (
			);
			dependencies = (
				76B66E5319AA97FB000E730B /* PBXTargetDependency */,
			);
			name = IBShinyTests;
			productName = IBShinyTests;
			productReference = 76B66E5119AA97FB000E730B /* IBShinyTests.xctest */;
			productType = "com.apple.product-type.bundle.unit-test";
		};
/* End PBXNativeTarget section */

/* Begin PBXProject section */
		76B66E3719AA97FB000E730B /* Project object */ = {
			isa = PBXProject;
			attributes = {
				LastUpgradeCheck = 0600;
				ORGANIZATIONNAME = sushiGrass;
				TargetAttributes = {
					76B66E3E19AA97FB000E730B = {
						CreatedOnToolsVersion = 6.0;
					};
					76B66E5019AA97FB000E730B = {
						CreatedOnToolsVersion = 6.0;
						TestTargetID = 76B66E3E19AA97FB000E730B;
					};
				};
			};
			buildConfigurationList = 76B66E3A19AA97FB000E730B /* Build configuration list for PBXProject "IBShiny" */;
			compatibilityVersion = "Xcode 3.2";
			developmentRegion = English;
			hasScannedForEncodings = 0;
			knownRegions = (
				en,
				Base,
			);
			mainGroup = 76B66E3619AA97FB000E730B;
			productRefGroup = 76B66E4019AA97FB000E730B /* Products */;
			projectDirPath = "";
			projectRoot = "";
			targets = (
				76B66E3E19AA97FB000E730B /* IBShiny */,
				76B66E5019AA97FB000E730B /* IBShinyTests */,
			);
		};
/* End PBXProject section */

/* Begin PBXResourcesBuildPhase section */
		76B66E3D19AA97FB000E730B /* Resources */ = {
			isa = PBXResourcesBuildPhase;
			buildActionMask = 2147483647;
			files = (
				76B66E4A19AA97FB000E730B /* Main.storyboard in Resources */,
				76B66E4C19AA97FB000E730B /* Images.xcassets in Resources */,
			);
			runOnlyForDeploymentPostprocessing = 0;
		};
		76B66E4F19AA97FB000E730B /* Resources */ = {
			isa = PBXResourcesBuildPhase;
			buildActionMask = 2147483647;
			files = (
			);
			runOnlyForDeploymentPostprocessing = 0;
		};
/* End PBXResourcesBuildPhase section */

/* Begin PBXSourcesBuildPhase section */
		76B66E3B19AA97FB000E730B /* Sources */ = {
			isa = PBXSourcesBuildPhase;
			buildActionMask = 2147483647;
			files = (
				76B66E4719AA97FB000E730B /* ViewController.swift in Sources */,
				76B66E4519AA97FB000E730B /* AppDelegate.swift in Sources */,
			);
			runOnlyForDeploymentPostprocessing = 0;
		};
		76B66E4D19AA97FB000E730B /* Sources */ = {
			isa = PBXSourcesBuildPhase;
			buildActionMask = 2147483647;
			files = (
				76B66E5819AA97FB000E730B /* IBShinyTests.swift in Sources */,
			);
			runOnlyForDeploymentPostprocessing = 0;
		};
/* End PBXSourcesBuildPhase section */

/* Begin PBXTargetDependency section */
		76B66E5319AA97FB000E730B /* PBXTargetDependency */ = {
			isa = PBXTargetDependency;
			target = 76B66E3E19AA97FB000E730B /* IBShiny */;
			targetProxy = 76B66E5219AA97FB000E730B /* PBXContainerItemProxy */;
		};
/* End PBXTargetDependency section */

/* Begin PBXVariantGroup section */
		76B66E4819AA97FB000E730B /* Main.storyboard */ = {
			isa = PBXVariantGroup;
			children = (
				76B66E4919AA97FB000E730B /* Base */,
			);
			name = Main.storyboard;
			sourceTree = "<group>";
		};
/* End PBXVariantGroup section */

/* Begin XCBuildConfiguration section */
		76B66E5919AA97FB000E730B /* Debug */ = {
			isa = XCBuildConfiguration;
			buildSettings = {
				ALWAYS_SEARCH_USER_PATHS = NO;
				CLANG_CXX_LANGUAGE_STANDARD = "gnu++0x";
				CLANG_CXX_LIBRARY = "libc++";
				CLANG_ENABLE_MODULES = YES;
				CLANG_ENABLE_OBJC_ARC = YES;
				CLANG_WARN_BOOL_CONVERSION = YES;
				CLANG_WARN_CONSTANT_CONVERSION = YES;
				CLANG_WARN_DIRECT_OBJC_ISA_USAGE = YES_ERROR;
				CLANG_WARN_EMPTY_BODY = YES;
				CLANG_WARN_ENUM_CONVERSION = YES;
				CLANG_WARN_INT_CONVERSION = YES;
				CLANG_WARN_OBJC_ROOT_CLASS = YES_ERROR;
				CLANG_WARN_UNREACHABLE_CODE = YES;
				CLANG_WARN__DUPLICATE_METHOD_MATCH = YES;
				"CODE_SIGN_IDENTITY[sdk=iphoneos*]" = "iPhone Developer";
				COPY_PHASE_STRIP = NO;
				ENABLE_STRICT_OBJC_MSGSEND = YES;
				GCC_C_LANGUAGE_STANDARD = gnu99;
				GCC_DYNAMIC_NO_PIC = NO;
				GCC_OPTIMIZATION_LEVEL = 0;
				GCC_PREPROCESSOR_DEFINITIONS = (
					"DEBUG=1",
					"$(inherited)",
				);
				GCC_SYMBOLS_PRIVATE_EXTERN = NO;
				GCC_WARN_64_TO_32_BIT_CONVERSION = YES;
				GCC_WARN_ABOUT_RETURN_TYPE = YES_ERROR;
				GCC_WARN_UNDECLARED_SELECTOR = YES;
				GCC_WARN_UNINITIALIZED_AUTOS = YES_AGGRESSIVE;
				GCC_WARN_UNUSED_FUNCTION = YES;
				GCC_WARN_UNUSED_VARIABLE = YES;
				IPHONEOS_DEPLOYMENT_TARGET = 8.0;
				MTL_ENABLE_DEBUG_INFO = YES;
				ONLY_ACTIVE_ARCH = YES;
				SDKROOT = iphoneos;
				SWIFT_OPTIMIZATION_LEVEL = "-Onone";
			};
			name = Debug;
		};
		76B66E5A19AA97FB000E730B /* Release */ = {
			isa = XCBuildConfiguration;
			buildSettings = {
				ALWAYS_SEARCH_USER_PATHS = NO;
				CLANG_CXX_LANGUAGE_STANDARD = "gnu++0x";
				CLANG_CXX_LIBRARY = "libc++";
				CLANG_ENABLE_MODULES = YES;
				CLANG_ENABLE_OBJC_ARC = YES;
				CLANG_WARN_BOOL_CONVERSION = YES;
				CLANG_WARN_CONSTANT_CONVERSION = YES;
				CLANG_WARN_DIRECT_OBJC_ISA_USAGE = YES_ERROR;
				CLANG_WARN_EMPTY_BODY = YES;
				CLANG_WARN_ENUM_CONVERSION = YES;
				CLANG_WARN_INT_CONVERSION = YES;
				CLANG_WARN_OBJC_ROOT_CLASS = YES_ERROR;
				CLANG_WARN_UNREACHABLE_CODE = YES;
				CLANG_WARN__DUPLICATE_METHOD_MATCH = YES;
				"CODE_SIGN_IDENTITY[sdk=iphoneos*]" = "iPhone Developer";
				COPY_PHASE_STRIP = YES;
				ENABLE_NS_ASSERTIONS = NO;
				ENABLE_STRICT_OBJC_MSGSEND = YES;
				GCC_C_LANGUAGE_STANDARD = gnu99;
				GCC_WARN_64_TO_32_BIT_CONVERSION = YES;
				GCC_WARN_ABOUT_RETURN_TYPE = YES_ERROR;
				GCC_WARN_UNDECLARED_SELECTOR = YES;
				GCC_WARN_UNINITIALIZED_AUTOS = YES_AGGRESSIVE;
				GCC_WARN_UNUSED_FUNCTION = YES;
				GCC_WARN_UNUSED_VARIABLE = YES;
				IPHONEOS_DEPLOYMENT_TARGET = 8.0;
				MTL_ENABLE_DEBUG_INFO = NO;
				SDKROOT = iphoneos;
				VALIDATE_PRODUCT = YES;
			};
			name = Release;
		};
		76B66E5C19AA97FB000E730B /* Debug */ = {
			isa = XCBuildConfiguration;
			buildSettings = {
				ASSETCATALOG_COMPILER_APPICON_NAME = AppIcon;
				ASSETCATALOG_COMPILER_LAUNCHIMAGE_NAME = LaunchImage;
				INFOPLIST_FILE = IBShiny/Info.plist;
				LD_RUNPATH_SEARCH_PATHS = "$(inherited) @executable_path/Frameworks";
				PRODUCT_NAME = "$(TARGET_NAME)";
			};
			name = Debug;
		};
		76B66E5D19AA97FB000E730B /* Release */ = {
			isa = XCBuildConfiguration;
			buildSettings = {
				ASSETCATALOG_COMPILER_APPICON_NAME = AppIcon;
				ASSETCATALOG_COMPILER_LAUNCHIMAGE_NAME = LaunchImage;
				INFOPLIST_FILE = IBShiny/Info.plist;
				LD_RUNPATH_SEARCH_PATHS = "$(inherited) @executable_path/Frameworks";
				PRODUCT_NAME = "$(TARGET_NAME)";
			};
			name = Release;
		};
		76B66E5F19AA97FB000E730B /* Debug */ = {
			isa = XCBuildConfiguration;
			buildSettings = {
				BUNDLE_LOADER = "$(TEST_HOST)";
				FRAMEWORK_SEARCH_PATHS = (
					"$(SDKROOT)/Developer/Library/Frameworks",
					"$(inherited)",
				);
				GCC_PREPROCESSOR_DEFINITIONS = (
					"DEBUG=1",
					"$(inherited)",
				);
				INFOPLIST_FILE = IBShinyTests/Info.plist;
				LD_RUNPATH_SEARCH_PATHS = "$(inherited) @executable_path/Frameworks @loader_path/Frameworks";
				PRODUCT_NAME = "$(TARGET_NAME)";
				TEST_HOST = "$(BUILT_PRODUCTS_DIR)/IBShiny.app/IBShiny";
			};
			name = Debug;
		};
		76B66E6019AA97FB000E730B /* Release */ = {
			isa = XCBuildConfiguration;
			buildSettings = {
				BUNDLE_LOADER = "$(TEST_HOST)";
				FRAMEWORK_SEARCH_PATHS = (
					"$(SDKROOT)/Developer/Library/Frameworks",
					"$(inherited)",
				);
				INFOPLIST_FILE = IBShinyTests/Info.plist;
				LD_RUNPATH_SEARCH_PATHS = "$(inherited) @executable_path/Frameworks @loader_path/Frameworks";
				PRODUCT_NAME = "$(TARGET_NAME)";
				TEST_HOST = "$(BUILT_PRODUCTS_DIR)/IBShiny.app/IBShiny";
			};
			name = Release;
		};
/* End XCBuildConfiguration section */

/* Begin XCConfigurationList section */
		76B66E3A19AA97FB000E730B /* Build configuration list for PBXProject "IBShiny" */ = {
			isa = XCConfigurationList;
			buildConfigurations = (
				76B66E5919AA97FB000E730B /* Debug */,
				76B66E5A19AA97FB000E730B /* Release */,
			);
			defaultConfigurationIsVisible = 0;
			defaultConfigurationName = Release;
		};
		76B66E5B19AA97FB000E730B /* Build configuration list for PBXNativeTarget "IBShiny" */ = {
			isa = XCConfigurationList;
			buildConfigurations = (
				76B66E5C19AA97FB000E730B /* Debug */,
				76B66E5D19AA97FB000E730B /* Release */,
			);
			defaultConfigurationIsVisible = 0;
		};
		76B66E5E19AA97FB000E730B /* Build configuration list for PBXNativeTarget "IBShinyTests" */ = {
			isa = XCConfigurationList;
			buildConfigurations = (
				76B66E5F19AA97FB000E730B /* Debug */,
				76B66E6019AA97FB000E730B /* Release */,
			);
			defaultConfigurationIsVisible = 0;
		};
/* End XCConfigurationList section */
	};
	rootObject = 76B66E3719AA97FB000E730B /* Project object */;
}
